
Microsoft Visual Studio Solution File, Format Version 12.00
# Visual Studio Version 16
VisualStudioVersion = 16.0.30804.86
MinimumVisualStudioVersion = 10.0.40219.1
Project("{FAE04EC0-301F-11D3-BF4B-00C04F79EFBC}") = "REST_CLIENT", "REST_CLIENT\REST_CLIENT.csproj", "{CEEFE049-0C77-4F76-BF9D-52E8F3074BB7}"
EndProject
Global
	GlobalSection(SolutionConfigurationPlatforms) = preSolution
		Debug|Any CPU = Debug|Any CPU
		Release|Any CPU = Release|Any CPU
	EndGlobalSection
	GlobalSection(ProjectConfigurationPlatforms) = postSolution
		{CEEFE049-0C77-4F76-BF9D-52E8F3074BB7}.Debug|Any CPU.ActiveCfg = Debug|Any CPU
		{CEEFE049-0C77-4F76-BF9D-52E8F3074BB7}.Debug|Any CPU.Build.0 = Debug|Any CPU
		{CEEFE049-0C77-4F76-BF9D-52E8F3074BB7}.Release|Any CPU.ActiveCfg = Release|Any CPU
		{CEEFE049-0C77-4F76-BF9D-52E8F3074BB7}.Release|Any CPU.Build.0 = Release|Any CPU
	EndGlobalSection
	GlobalSection(SolutionProperties) = preSolution
		HideSolutionNode = FALSE
	EndGlobalSection
	GlobalSection(ExtensibilityGlobals) = postSolution
		SolutionGuid = {481269AC-C2E5-4105-BC6D-A190CB4E3512}
	EndGlobalSection
EndGlobal
